
Microsoft Visual Studio Solution File, Format Version 12.00
# Visual Studio Version 17
VisualStudioVersion = 17.8.34316.72
MinimumVisualStudioVersion = 10.0.40219.1
Project("{9A19103F-16F7-4668-BE54-9A1E7A4F7556}") = "HoneyZoneMvc", "HoneyZoneMvc\HoneyZoneMvc.csproj", "{5740FC2F-8E99-4BDE-B924-69E9B1168CA6}"
EndProject
Project("{9A19103F-16F7-4668-BE54-9A1E7A4F7556}") = "HoneyZoneMvc.BusinessLogic", "HoneyZoneMvc.BusinessLogic\HoneyZoneMvc.BusinessLogic.csproj", "{39043FB1-8CA5-4B8B-A06C-1E91653B608F}"
EndProject
Project("{9A19103F-16F7-4668-BE54-9A1E7A4F7556}") = "HoneyZoneMvc.Infrastructure", "HoneyZoneMvc.Infrastructure\HoneyZoneMvc.Infrastructure.csproj", "{2653B61C-E5CA-4BB5-8EA2-3F774AD7CC01}"
EndProject
Project("{9A19103F-16F7-4668-BE54-9A1E7A4F7556}") = "HoneyZoneMvc.Common", "HoneyZoneMvc.Common\HoneyZoneMvc.Common.csproj", "{9A263067-9B82-4958-84FE-382D14EF7311}"
EndProject
Project("{2150E333-8FDC-42A3-9474-1A3956D46DE8}") = "Solution Items", "Solution Items", "{644A7ED0-B509-446F-93DD-9489A7B7BE9B}"
	ProjectSection(SolutionItems) = preProject
		.editorconfig = .editorconfig
	EndProjectSection
EndProject
Global
	GlobalSection(SolutionConfigurationPlatforms) = preSolution
		Debug|Any CPU = Debug|Any CPU
		Release|Any CPU = Release|Any CPU
	EndGlobalSection
	GlobalSection(ProjectConfigurationPlatforms) = postSolution
		{5740FC2F-8E99-4BDE-B924-69E9B1168CA6}.Debug|Any CPU.ActiveCfg = Debug|Any CPU
		{5740FC2F-8E99-4BDE-B924-69E9B1168CA6}.Debug|Any CPU.Build.0 = Debug|Any CPU
		{5740FC2F-8E99-4BDE-B924-69E9B1168CA6}.Release|Any CPU.ActiveCfg = Release|Any CPU
		{5740FC2F-8E99-4BDE-B924-69E9B1168CA6}.Release|Any CPU.Build.0 = Release|Any CPU
		{39043FB1-8CA5-4B8B-A06C-1E91653B608F}.Debug|Any CPU.ActiveCfg = Debug|Any CPU
		{39043FB1-8CA5-4B8B-A06C-1E91653B608F}.Debug|Any CPU.Build.0 = Debug|Any CPU
		{39043FB1-8CA5-4B8B-A06C-1E91653B608F}.Release|Any CPU.ActiveCfg = Release|Any CPU
		{39043FB1-8CA5-4B8B-A06C-1E91653B608F}.Release|Any CPU.Build.0 = Release|Any CPU
		{2653B61C-E5CA-4BB5-8EA2-3F774AD7CC01}.Debug|Any CPU.ActiveCfg = Debug|Any CPU
		{2653B61C-E5CA-4BB5-8EA2-3F774AD7CC01}.Debug|Any CPU.Build.0 = Debug|Any CPU
		{2653B61C-E5CA-4BB5-8EA2-3F774AD7CC01}.Release|Any CPU.ActiveCfg = Release|Any CPU
		{2653B61C-E5CA-4BB5-8EA2-3F774AD7CC01}.Release|Any CPU.Build.0 = Release|Any CPU
		{9A263067-9B82-4958-84FE-382D14EF7311}.Debug|Any CPU.ActiveCfg = Debug|Any CPU
		{9A263067-9B82-4958-84FE-382D14EF7311}.Debug|Any CPU.Build.0 = Debug|Any CPU
		{9A263067-9B82-4958-84FE-382D14EF7311}.Release|Any CPU.ActiveCfg = Release|Any CPU
		{9A263067-9B82-4958-84FE-382D14EF7311}.Release|Any CPU.Build.0 = Release|Any CPU
	EndGlobalSection
	GlobalSection(SolutionProperties) = preSolution
		HideSolutionNode = FALSE
	EndGlobalSection
	GlobalSection(ExtensibilityGlobals) = postSolution
		SolutionGuid = {2DFA6080-CE71-46C6-8BD9-26BD50A8F649}
	EndGlobalSection
EndGlobal
